
Microsoft Visual Studio Solution File, Format Version 12.00
# Visual Studio Version 16
VisualStudioVersion = 16.0.31613.86
MinimumVisualStudioVersion = 10.0.40219.1
Project("{9A19103F-16F7-4668-BE54-9A1E7A4F7556}") = "programação_orientada_a_função", "programação_orientada_a_função\programação_orientada_a_função.csproj", "{68D0FF9E-F855-4795-8B3B-B5AF77518BAA}"
EndProject
Global
	GlobalSection(SolutionConfigurationPlatforms) = preSolution
		Debug|Any CPU = Debug|Any CPU
		Release|Any CPU = Release|Any CPU
	EndGlobalSection
	GlobalSection(ProjectConfigurationPlatforms) = postSolution
		{68D0FF9E-F855-4795-8B3B-B5AF77518BAA}.Debug|Any CPU.ActiveCfg = Debug|Any CPU
		{68D0FF9E-F855-4795-8B3B-B5AF77518BAA}.Debug|Any CPU.Build.0 = Debug|Any CPU
		{68D0FF9E-F855-4795-8B3B-B5AF77518BAA}.Release|Any CPU.ActiveCfg = Release|Any CPU
		{68D0FF9E-F855-4795-8B3B-B5AF77518BAA}.Release|Any CPU.Build.0 = Release|Any CPU
	EndGlobalSection
	GlobalSection(SolutionProperties) = preSolution
		HideSolutionNode = FALSE
	EndGlobalSection
	GlobalSection(ExtensibilityGlobals) = postSolution
		SolutionGuid = {046C02F9-DBE5-4E76-862F-92F248819EA6}
	EndGlobalSection
EndGlobal
